// !$*UTF8*$!
{
	archiveVersion = 1;
	classes = {
	};
	objectVersion = 55;
	objects = {

/* Begin PBXBuildFile section */
		991BAB5C28563D420057B7E3 /* TabsModel.swift in Sources */ = {isa = PBXBuildFile; fileRef = 991BAB5B28563D420057B7E3 /* TabsModel.swift */; };
		992223942853BAE500ECCEA8 /* SplashScreenView.swift in Sources */ = {isa = PBXBuildFile; fileRef = 992223932853BAE500ECCEA8 /* SplashScreenView.swift */; };
		9922239B28551D5B00ECCEA8 /* TabCurve.swift in Sources */ = {isa = PBXBuildFile; fileRef = 9922239A28551D5B00ECCEA8 /* TabCurve.swift */; };
		9924AEDC2845885B00B8D9FD /* SettingsView.swift in Sources */ = {isa = PBXBuildFile; fileRef = 9924AEDB2845885B00B8D9FD /* SettingsView.swift */; };
		9924AEDE28458AA500B8D9FD /* CustomTabBarView.swift in Sources */ = {isa = PBXBuildFile; fileRef = 9924AEDD28458AA500B8D9FD /* CustomTabBarView.swift */; };
		993D209A286342B6003A1D53 /* QuestionnaireView.swift in Sources */ = {isa = PBXBuildFile; fileRef = 993D2099286342B6003A1D53 /* QuestionnaireView.swift */; };
		9945EB1A286F9EC20011D3BF /* Lottie in Frameworks */ = {isa = PBXBuildFile; productRef = 9945EB19286F9EC20011D3BF /* Lottie */; };
		9975CD4E2833D2F200A9B25A /* ATECApp.swift in Sources */ = {isa = PBXBuildFile; fileRef = 9975CD4D2833D2F200A9B25A /* ATECApp.swift */; };
		9975CD502833D2F200A9B25A /* ContentView.swift in Sources */ = {isa = PBXBuildFile; fileRef = 9975CD4F2833D2F200A9B25A /* ContentView.swift */; };
		9975CD522833D2F300A9B25A /* Assets.xcassets in Resources */ = {isa = PBXBuildFile; fileRef = 9975CD512833D2F300A9B25A /* Assets.xcassets */; };
		9975CD552833D2F300A9B25A /* Preview Assets.xcassets in Resources */ = {isa = PBXBuildFile; fileRef = 9975CD542833D2F300A9B25A /* Preview Assets.xcassets */; };
		9975CD5E2833D35A00A9B25A /* OnboardingView.swift in Sources */ = {isa = PBXBuildFile; fileRef = 9975CD5D2833D35A00A9B25A /* OnboardingView.swift */; };
		9975CD602833D38D00A9B25A /* AddPersonPageView.swift in Sources */ = {isa = PBXBuildFile; fileRef = 9975CD5F2833D38D00A9B25A /* AddPersonPageView.swift */; };
		9975CD662833EE3900A9B25A /* PersonRowView.swift in Sources */ = {isa = PBXBuildFile; fileRef = 9975CD652833EE3900A9B25A /* PersonRowView.swift */; };
		9975CD682833EE9A00A9B25A /* PersonPageView.swift in Sources */ = {isa = PBXBuildFile; fileRef = 9975CD672833EE9A00A9B25A /* PersonPageView.swift */; };
		9975CD6A2834073500A9B25A /* NotificationsManager.swift in Sources */ = {isa = PBXBuildFile; fileRef = 9975CD692834073500A9B25A /* NotificationsManager.swift */; };
		9975CD6E2834151900A9B25A /* ImagePicker.swift in Sources */ = {isa = PBXBuildFile; fileRef = 9975CD6D2834151900A9B25A /* ImagePicker.swift */; };
		998EEC12283677F4006598B2 /* PeopleListView.swift in Sources */ = {isa = PBXBuildFile; fileRef = 998EEC11283677F3006598B2 /* PeopleListView.swift */; };
		998EEC1528367933006598B2 /* PersonModel.xcdatamodeld in Sources */ = {isa = PBXBuildFile; fileRef = 998EEC1328367933006598B2 /* PersonModel.xcdatamodeld */; };
		998EEC18283679A3006598B2 /* DataManager.swift in Sources */ = {isa = PBXBuildFile; fileRef = 998EEC17283679A3006598B2 /* DataManager.swift */; };
		998EEC1A28367BB2006598B2 /* Components.swift in Sources */ = {isa = PBXBuildFile; fileRef = 998EEC1928367BB2006598B2 /* Components.swift */; };
		999039D82877261200389521 /* QuestinarrieManager.swift in Sources */ = {isa = PBXBuildFile; fileRef = 999039D72877261200389521 /* QuestinarrieManager.swift */; };
		999039DC287726B900389521 /* QuestinarrieModel.swift in Sources */ = {isa = PBXBuildFile; fileRef = 999039DB287726B900389521 /* QuestinarrieModel.swift */; };
		999039DE2877288900389521 /* QuestionView.swift in Sources */ = {isa = PBXBuildFile; fileRef = 999039DD2877288900389521 /* QuestionView.swift */; };
		999039E02877290900389521 /* ProgressBar.swift in Sources */ = {isa = PBXBuildFile; fileRef = 999039DF2877290900389521 /* ProgressBar.swift */; };
		999039E2287729AD00389521 /* PrimaryButton.swift in Sources */ = {isa = PBXBuildFile; fileRef = 999039E1287729AD00389521 /* PrimaryButton.swift */; };
		999039E428772BA600389521 /* AnswerButton.swift in Sources */ = {isa = PBXBuildFile; fileRef = 999039E328772BA600389521 /* AnswerButton.swift */; };
		99C7E3DE283EF2A100E2D19F /* OnboardingContentView.swift in Sources */ = {isa = PBXBuildFile; fileRef = 99C7E3DD283EF2A100E2D19F /* OnboardingContentView.swift */; };
		99D9333428943E1D00CFEFDC /* atec.json in Resources */ = {isa = PBXBuildFile; fileRef = 99D9333328943E1D00CFEFDC /* atec.json */; };
		99DA9853285A788700FBB819 /* MainView.swift in Sources */ = {isa = PBXBuildFile; fileRef = 99DA9852285A788700FBB819 /* MainView.swift */; };
		99DA9857285A895400FBB819 /* loadingAnimation.json in Resources */ = {isa = PBXBuildFile; fileRef = 99DA9856285A895400FBB819 /* loadingAnimation.json */; };
		99DA9859285A89E200FBB819 /* LottieView.swift in Sources */ = {isa = PBXBuildFile; fileRef = 99DA9858285A89E200FBB819 /* LottieView.swift */; };
		99F515B128527EF900E00571 /* EditPersonalInfoView.swift in Sources */ = {isa = PBXBuildFile; fileRef = 99F515B028527EF900E00571 /* EditPersonalInfoView.swift */; };
		99F515B32852812A00E00571 /* ChartView.swift in Sources */ = {isa = PBXBuildFile; fileRef = 99F515B22852812A00E00571 /* ChartView.swift */; };
/* End PBXBuildFile section */

/* Begin PBXFileReference section */
		991BAB5B28563D420057B7E3 /* TabsModel.swift */ = {isa = PBXFileReference; lastKnownFileType = sourcecode.swift; path = TabsModel.swift; sourceTree = "<group>"; };
		992223932853BAE500ECCEA8 /* SplashScreenView.swift */ = {isa = PBXFileReference; lastKnownFileType = sourcecode.swift; path = SplashScreenView.swift; sourceTree = "<group>"; };
		992223992853F77A00ECCEA8 /* Info.plist */ = {isa = PBXFileReference; lastKnownFileType = text.plist; path = Info.plist; sourceTree = "<group>"; };
		9922239A28551D5B00ECCEA8 /* TabCurve.swift */ = {isa = PBXFileReference; lastKnownFileType = sourcecode.swift; path = TabCurve.swift; sourceTree = "<group>"; };
		9924AEDB2845885B00B8D9FD /* SettingsView.swift */ = {isa = PBXFileReference; lastKnownFileType = sourcecode.swift; path = SettingsView.swift; sourceTree = "<group>"; };
		9924AEDD28458AA500B8D9FD /* CustomTabBarView.swift */ = {isa = PBXFileReference; lastKnownFileType = sourcecode.swift; path = CustomTabBarView.swift; sourceTree = "<group>"; };
		993D2099286342B6003A1D53 /* QuestionnaireView.swift */ = {isa = PBXFileReference; lastKnownFileType = sourcecode.swift; path = QuestionnaireView.swift; sourceTree = "<group>"; };
		9975CD4A2833D2F200A9B25A /* ATEC.app */ = {isa = PBXFileReference; explicitFileType = wrapper.application; includeInIndex = 0; path = ATEC.app; sourceTree = BUILT_PRODUCTS_DIR; };
		9975CD4D2833D2F200A9B25A /* ATECApp.swift */ = {isa = PBXFileReference; lastKnownFileType = sourcecode.swift; path = ATECApp.swift; sourceTree = "<group>"; };
		9975CD4F2833D2F200A9B25A /* ContentView.swift */ = {isa = PBXFileReference; lastKnownFileType = sourcecode.swift; path = ContentView.swift; sourceTree = "<group>"; };
		9975CD512833D2F300A9B25A /* Assets.xcassets */ = {isa = PBXFileReference; lastKnownFileType = folder.assetcatalog; path = Assets.xcassets; sourceTree = "<group>"; };
		9975CD542833D2F300A9B25A /* Preview Assets.xcassets */ = {isa = PBXFileReference; lastKnownFileType = folder.assetcatalog; path = "Preview Assets.xcassets"; sourceTree = "<group>"; };
		9975CD5D2833D35A00A9B25A /* OnboardingView.swift */ = {isa = PBXFileReference; lastKnownFileType = sourcecode.swift; path = OnboardingView.swift; sourceTree = "<group>"; };
		9975CD5F2833D38D00A9B25A /* AddPersonPageView.swift */ = {isa = PBXFileReference; lastKnownFileType = sourcecode.swift; path = AddPersonPageView.swift; sourceTree = "<group>"; };
		9975CD652833EE3900A9B25A /* PersonRowView.swift */ = {isa = PBXFileReference; lastKnownFileType = sourcecode.swift; path = PersonRowView.swift; sourceTree = "<group>"; };
		9975CD672833EE9A00A9B25A /* PersonPageView.swift */ = {isa = PBXFileReference; lastKnownFileType = sourcecode.swift; path = PersonPageView.swift; sourceTree = "<group>"; };
		9975CD692834073500A9B25A /* NotificationsManager.swift */ = {isa = PBXFileReference; lastKnownFileType = sourcecode.swift; path = NotificationsManager.swift; sourceTree = "<group>"; };
		9975CD6D2834151900A9B25A /* ImagePicker.swift */ = {isa = PBXFileReference; lastKnownFileType = sourcecode.swift; path = ImagePicker.swift; sourceTree = "<group>"; };
		998EEC11283677F3006598B2 /* PeopleListView.swift */ = {isa = PBXFileReference; lastKnownFileType = sourcecode.swift; path = PeopleListView.swift; sourceTree = "<group>"; };
		998EEC1428367933006598B2 /* PersonModel.xcdatamodel */ = {isa = PBXFileReference; lastKnownFileType = wrapper.xcdatamodel; path = PersonModel.xcdatamodel; sourceTree = "<group>"; };
		998EEC17283679A3006598B2 /* DataManager.swift */ = {isa = PBXFileReference; lastKnownFileType = sourcecode.swift; path = DataManager.swift; sourceTree = "<group>"; };
		998EEC1928367BB2006598B2 /* Components.swift */ = {isa = PBXFileReference; lastKnownFileType = sourcecode.swift; path = Components.swift; sourceTree = "<group>"; };
		999039D72877261200389521 /* QuestinarrieManager.swift */ = {isa = PBXFileReference; lastKnownFileType = sourcecode.swift; path = QuestinarrieManager.swift; sourceTree = "<group>"; };
		999039DB287726B900389521 /* QuestinarrieModel.swift */ = {isa = PBXFileReference; lastKnownFileType = sourcecode.swift; path = QuestinarrieModel.swift; sourceTree = "<group>"; };
		999039DD2877288900389521 /* QuestionView.swift */ = {isa = PBXFileReference; lastKnownFileType = sourcecode.swift; path = QuestionView.swift; sourceTree = "<group>"; };
		999039DF2877290900389521 /* ProgressBar.swift */ = {isa = PBXFileReference; lastKnownFileType = sourcecode.swift; path = ProgressBar.swift; sourceTree = "<group>"; };
		999039E1287729AD00389521 /* PrimaryButton.swift */ = {isa = PBXFileReference; lastKnownFileType = sourcecode.swift; path = PrimaryButton.swift; sourceTree = "<group>"; };
		999039E328772BA600389521 /* AnswerButton.swift */ = {isa = PBXFileReference; lastKnownFileType = sourcecode.swift; path = AnswerButton.swift; sourceTree = "<group>"; };
		99C7E3DD283EF2A100E2D19F /* OnboardingContentView.swift */ = {isa = PBXFileReference; lastKnownFileType = sourcecode.swift; path = OnboardingContentView.swift; sourceTree = "<group>"; };
		99D9333328943E1D00CFEFDC /* atec.json */ = {isa = PBXFileReference; fileEncoding = 4; lastKnownFileType = text.json; path = atec.json; sourceTree = "<group>"; };
		99DA9852285A788700FBB819 /* MainView.swift */ = {isa = PBXFileReference; lastKnownFileType = sourcecode.swift; path = MainView.swift; sourceTree = "<group>"; };
		99DA9856285A895400FBB819 /* loadingAnimation.json */ = {isa = PBXFileReference; fileEncoding = 4; lastKnownFileType = text.json; path = loadingAnimation.json; sourceTree = "<group>"; };
		99DA9858285A89E200FBB819 /* LottieView.swift */ = {isa = PBXFileReference; lastKnownFileType = sourcecode.swift; path = LottieView.swift; sourceTree = "<group>"; };
		99F515B028527EF900E00571 /* EditPersonalInfoView.swift */ = {isa = PBXFileReference; lastKnownFileType = sourcecode.swift; path = EditPersonalInfoView.swift; sourceTree = "<group>"; };
		99F515B22852812A00E00571 /* ChartView.swift */ = {isa = PBXFileReference; lastKnownFileType = sourcecode.swift; path = ChartView.swift; sourceTree = "<group>"; };
/* End PBXFileReference section */

/* Begin PBXFrameworksBuildPhase section */
		9975CD472833D2F200A9B25A /* Frameworks */ = {
			isa = PBXFrameworksBuildPhase;
			buildActionMask = 2147483647;
			files = (
				9945EB1A286F9EC20011D3BF /* Lottie in Frameworks */,
			);
			runOnlyForDeploymentPostprocessing = 0;
		};
/* End PBXFrameworksBuildPhase section */

/* Begin PBXGroup section */
		9922239C285528B800ECCEA8 /* ListView */ = {
			isa = PBXGroup;
			children = (
				998EEC11283677F3006598B2 /* PeopleListView.swift */,
				9975CD5F2833D38D00A9B25A /* AddPersonPageView.swift */,
				9975CD652833EE3900A9B25A /* PersonRowView.swift */,
			);
			path = ListView;
			sourceTree = "<group>";
		};
		9922239D285528EE00ECCEA8 /* PersonalInfoView */ = {
			isa = PBXGroup;
			children = (
				9975CD672833EE9A00A9B25A /* PersonPageView.swift */,
				99F515B028527EF900E00571 /* EditPersonalInfoView.swift */,
				99F515B22852812A00E00571 /* ChartView.swift */,
			);
			path = PersonalInfoView;
			sourceTree = "<group>";
		};
		9956BF5628943BE40099EB17 /* Questinarrie */ = {
			isa = PBXGroup;
			children = (
				993D2099286342B6003A1D53 /* QuestionnaireView.swift */,
				999039DD2877288900389521 /* QuestionView.swift */,
				999039DF2877290900389521 /* ProgressBar.swift */,
				999039E328772BA600389521 /* AnswerButton.swift */,
			);
			path = Questinarrie;
			sourceTree = "<group>";
		};
		9975CD412833D2F200A9B25A = {
			isa = PBXGroup;
			children = (
				9975CD4C2833D2F200A9B25A /* ATEC */,
				9975CD4B2833D2F200A9B25A /* Products */,
			);
			sourceTree = "<group>";
		};
		9975CD4B2833D2F200A9B25A /* Products */ = {
			isa = PBXGroup;
			children = (
				9975CD4A2833D2F200A9B25A /* ATEC.app */,
			);
			name = Products;
			sourceTree = "<group>";
		};
		9975CD4C2833D2F200A9B25A /* ATEC */ = {
			isa = PBXGroup;
			children = (
				992223992853F77A00ECCEA8 /* Info.plist */,
				9975CD4D2833D2F200A9B25A /* ATECApp.swift */,
				992223932853BAE500ECCEA8 /* SplashScreenView.swift */,
				9975CD5D2833D35A00A9B25A /* OnboardingView.swift */,
				9975CD4F2833D2F200A9B25A /* ContentView.swift */,
				9924AEDB2845885B00B8D9FD /* SettingsView.swift */,
				9975CD5B2833D31C00A9B25A /* Views */,
				9975CD5C2833D33400A9B25A /* Models */,
				998EEC1628367995006598B2 /* Managers */,
				9975CD6F2834152100A9B25A /* ImagePicker */,
				99C7E3E1283F155400E2D19F /* Helpers */,
				9975CD512833D2F300A9B25A /* Assets.xcassets */,
				9975CD532833D2F300A9B25A /* Preview Content */,
				998EEC1328367933006598B2 /* PersonModel.xcdatamodeld */,
				99DA9856285A895400FBB819 /* loadingAnimation.json */,
				99D9333328943E1D00CFEFDC /* atec.json */,
			);
			path = ATEC;
			sourceTree = "<group>";
		};
		9975CD532833D2F300A9B25A /* Preview Content */ = {
			isa = PBXGroup;
			children = (
				9975CD542833D2F300A9B25A /* Preview Assets.xcassets */,
			);
			path = "Preview Content";
			sourceTree = "<group>";
		};
		9975CD5B2833D31C00A9B25A /* Views */ = {
			isa = PBXGroup;
			children = (
				99DA9852285A788700FBB819 /* MainView.swift */,
				9922239C285528B800ECCEA8 /* ListView */,
				9922239D285528EE00ECCEA8 /* PersonalInfoView */,
				9956BF5628943BE40099EB17 /* Questinarrie */,
				99C7E3DD283EF2A100E2D19F /* OnboardingContentView.swift */,
				9924AEDD28458AA500B8D9FD /* CustomTabBarView.swift */,
				999039E1287729AD00389521 /* PrimaryButton.swift */,
			);
			path = Views;
			sourceTree = "<group>";
		};
		9975CD5C2833D33400A9B25A /* Models */ = {
			isa = PBXGroup;
			children = (
				999039DB287726B900389521 /* QuestinarrieModel.swift */,
				991BAB5B28563D420057B7E3 /* TabsModel.swift */,
			);
			path = Models;
			sourceTree = "<group>";
		};
		9975CD6F2834152100A9B25A /* ImagePicker */ = {
			isa = PBXGroup;
			children = (
				9975CD6D2834151900A9B25A /* ImagePicker.swift */,
			);
			path = ImagePicker;
			sourceTree = "<group>";
		};
		998EEC1628367995006598B2 /* Managers */ = {
			isa = PBXGroup;
			children = (
				998EEC17283679A3006598B2 /* DataManager.swift */,
				999039D72877261200389521 /* QuestinarrieManager.swift */,
				9975CD692834073500A9B25A /* NotificationsManager.swift */,
			);
			path = Managers;
			sourceTree = "<group>";
		};
		99C7E3E1283F155400E2D19F /* Helpers */ = {
			isa = PBXGroup;
			children = (
				998EEC1928367BB2006598B2 /* Components.swift */,
				9922239A28551D5B00ECCEA8 /* TabCurve.swift */,
				99DA9858285A89E200FBB819 /* LottieView.swift */,
			);
			path = Helpers;
			sourceTree = "<group>";
		};
/* End PBXGroup section */

/* Begin PBXNativeTarget section */
		9975CD492833D2F200A9B25A /* ATEC */ = {
			isa = PBXNativeTarget;
			buildConfigurationList = 9975CD582833D2F300A9B25A /* Build configuration list for PBXNativeTarget "ATEC" */;
			buildPhases = (
				9975CD462833D2F200A9B25A /* Sources */,
				9975CD472833D2F200A9B25A /* Frameworks */,
				9975CD482833D2F200A9B25A /* Resources */,
			);
			buildRules = (
			);
			dependencies = (
			);
			name = ATEC;
			packageProductDependencies = (
				9945EB19286F9EC20011D3BF /* Lottie */,
			);
			productName = ATEC;
			productReference = 9975CD4A2833D2F200A9B25A /* ATEC.app */;
			productType = "com.apple.product-type.application";
		};
/* End PBXNativeTarget section */

/* Begin PBXProject section */
		9975CD422833D2F200A9B25A /* Project object */ = {
			isa = PBXProject;
			attributes = {
				BuildIndependentTargetsInParallel = 1;
				LastSwiftUpdateCheck = 1330;
				LastUpgradeCheck = 1330;
				TargetAttributes = {
					9975CD492833D2F200A9B25A = {
						CreatedOnToolsVersion = 13.3.1;
					};
				};
			};
			buildConfigurationList = 9975CD452833D2F200A9B25A /* Build configuration list for PBXProject "ATEC" */;
			compatibilityVersion = "Xcode 13.0";
			developmentRegion = en;
			hasScannedForEncodings = 0;
			knownRegions = (
				en,
				Base,
			);
			mainGroup = 9975CD412833D2F200A9B25A;
			packageReferences = (
				992223902853BABD00ECCEA8 /* XCRemoteSwiftPackageReference "lottie-ios" */,
				9945EB18286F9EC20011D3BF /* XCRemoteSwiftPackageReference "lottie-ios" */,
				993E26F628A060F500669BE1 /* XCRemoteSwiftPackageReference "SwiftUI-Introspect" */,
			);
			productRefGroup = 9975CD4B2833D2F200A9B25A /* Products */;
			projectDirPath = "";
			projectRoot = "";
			targets = (
				9975CD492833D2F200A9B25A /* ATEC */,
			);
		};
/* End PBXProject section */

/* Begin PBXResourcesBuildPhase section */
		9975CD482833D2F200A9B25A /* Resources */ = {
			isa = PBXResourcesBuildPhase;
			buildActionMask = 2147483647;
			files = (
				99DA9857285A895400FBB819 /* loadingAnimation.json in Resources */,
				99D9333428943E1D00CFEFDC /* atec.json in Resources */,
				9975CD552833D2F300A9B25A /* Preview Assets.xcassets in Resources */,
				9975CD522833D2F300A9B25A /* Assets.xcassets in Resources */,
			);
			runOnlyForDeploymentPostprocessing = 0;
		};
/* End PBXResourcesBuildPhase section */

/* Begin PBXSourcesBuildPhase section */
		9975CD462833D2F200A9B25A /* Sources */ = {
			isa = PBXSourcesBuildPhase;
			buildActionMask = 2147483647;
			files = (
				99DA9853285A788700FBB819 /* MainView.swift in Sources */,
				99DA9859285A89E200FBB819 /* LottieView.swift in Sources */,
				9922239B28551D5B00ECCEA8 /* TabCurve.swift in Sources */,
				998EEC1A28367BB2006598B2 /* Components.swift in Sources */,
				998EEC1528367933006598B2 /* PersonModel.xcdatamodeld in Sources */,
				992223942853BAE500ECCEA8 /* SplashScreenView.swift in Sources */,
				9975CD5E2833D35A00A9B25A /* OnboardingView.swift in Sources */,
				999039DE2877288900389521 /* QuestionView.swift in Sources */,
				9924AEDE28458AA500B8D9FD /* CustomTabBarView.swift in Sources */,
				998EEC12283677F4006598B2 /* PeopleListView.swift in Sources */,
				999039E2287729AD00389521 /* PrimaryButton.swift in Sources */,
				9975CD682833EE9A00A9B25A /* PersonPageView.swift in Sources */,
				9975CD602833D38D00A9B25A /* AddPersonPageView.swift in Sources */,
				999039E428772BA600389521 /* AnswerButton.swift in Sources */,
				9975CD6A2834073500A9B25A /* NotificationsManager.swift in Sources */,
				99F515B32852812A00E00571 /* ChartView.swift in Sources */,
				9924AEDC2845885B00B8D9FD /* SettingsView.swift in Sources */,
				9975CD6E2834151900A9B25A /* ImagePicker.swift in Sources */,
				9975CD502833D2F200A9B25A /* ContentView.swift in Sources */,
				999039DC287726B900389521 /* QuestinarrieModel.swift in Sources */,
				999039E02877290900389521 /* ProgressBar.swift in Sources */,
				9975CD662833EE3900A9B25A /* PersonRowView.swift in Sources */,
				991BAB5C28563D420057B7E3 /* TabsModel.swift in Sources */,
				99F515B128527EF900E00571 /* EditPersonalInfoView.swift in Sources */,
				998EEC18283679A3006598B2 /* DataManager.swift in Sources */,
				9975CD4E2833D2F200A9B25A /* ATECApp.swift in Sources */,
				993D209A286342B6003A1D53 /* QuestionnaireView.swift in Sources */,
				999039D82877261200389521 /* QuestinarrieManager.swift in Sources */,
				99C7E3DE283EF2A100E2D19F /* OnboardingContentView.swift in Sources */,
			);
			runOnlyForDeploymentPostprocessing = 0;
		};
/* End PBXSourcesBuildPhase section */

/* Begin XCBuildConfiguration section */
		9975CD562833D2F300A9B25A /* Debug */ = {
			isa = XCBuildConfiguration;
			buildSettings = {
				ALWAYS_SEARCH_USER_PATHS = NO;
				CLANG_ANALYZER_NONNULL = YES;
				CLANG_ANALYZER_NUMBER_OBJECT_CONVERSION = YES_AGGRESSIVE;
				CLANG_CXX_LANGUAGE_STANDARD = "gnu++17";
				CLANG_ENABLE_MODULES = YES;
				CLANG_ENABLE_OBJC_ARC = YES;
				CLANG_ENABLE_OBJC_WEAK = YES;
				CLANG_WARN_BLOCK_CAPTURE_AUTORELEASING = YES;
				CLANG_WARN_BOOL_CONVERSION = YES;
				CLANG_WARN_COMMA = YES;
				CLANG_WARN_CONSTANT_CONVERSION = YES;
				CLANG_WARN_DEPRECATED_OBJC_IMPLEMENTATIONS = YES;
				CLANG_WARN_DIRECT_OBJC_ISA_USAGE = YES_ERROR;
				CLANG_WARN_DOCUMENTATION_COMMENTS = YES;
				CLANG_WARN_EMPTY_BODY = YES;
				CLANG_WARN_ENUM_CONVERSION = YES;
				CLANG_WARN_INFINITE_RECURSION = YES;
				CLANG_WARN_INT_CONVERSION = YES;
				CLANG_WARN_NON_LITERAL_NULL_CONVERSION = YES;
				CLANG_WARN_OBJC_IMPLICIT_RETAIN_SELF = YES;
				CLANG_WARN_OBJC_LITERAL_CONVERSION = YES;
				CLANG_WARN_OBJC_ROOT_CLASS = YES_ERROR;
				CLANG_WARN_QUOTED_INCLUDE_IN_FRAMEWORK_HEADER = YES;
				CLANG_WARN_RANGE_LOOP_ANALYSIS = YES;
				CLANG_WARN_STRICT_PROTOTYPES = YES;
				CLANG_WARN_SUSPICIOUS_MOVE = YES;
				CLANG_WARN_UNGUARDED_AVAILABILITY = YES_AGGRESSIVE;
				CLANG_WARN_UNREACHABLE_CODE = YES;
				CLANG_WARN__DUPLICATE_METHOD_MATCH = YES;
				COPY_PHASE_STRIP = NO;
				DEBUG_INFORMATION_FORMAT = dwarf;
				ENABLE_STRICT_OBJC_MSGSEND = YES;
				ENABLE_TESTABILITY = YES;
				GCC_C_LANGUAGE_STANDARD = gnu11;
				GCC_DYNAMIC_NO_PIC = NO;
				GCC_NO_COMMON_BLOCKS = YES;
				GCC_OPTIMIZATION_LEVEL = 0;
				GCC_PREPROCESSOR_DEFINITIONS = (
					"DEBUG=1",
					"$(inherited)",
				);
				GCC_WARN_64_TO_32_BIT_CONVERSION = YES;
				GCC_WARN_ABOUT_RETURN_TYPE = YES_ERROR;
				GCC_WARN_UNDECLARED_SELECTOR = YES;
				GCC_WARN_UNINITIALIZED_AUTOS = YES_AGGRESSIVE;
				GCC_WARN_UNUSED_FUNCTION = YES;
				GCC_WARN_UNUSED_VARIABLE = YES;
				IPHONEOS_DEPLOYMENT_TARGET = 15.4;
				MTL_ENABLE_DEBUG_INFO = INCLUDE_SOURCE;
				MTL_FAST_MATH = YES;
				ONLY_ACTIVE_ARCH = YES;
				SDKROOT = iphoneos;
				SWIFT_ACTIVE_COMPILATION_CONDITIONS = DEBUG;
				SWIFT_OPTIMIZATION_LEVEL = "-Onone";
			};
			name = Debug;
		};
		9975CD572833D2F300A9B25A /* Release */ = {
			isa = XCBuildConfiguration;
			buildSettings = {
				ALWAYS_SEARCH_USER_PATHS = NO;
				CLANG_ANALYZER_NONNULL = YES;
				CLANG_ANALYZER_NUMBER_OBJECT_CONVERSION = YES_AGGRESSIVE;
				CLANG_CXX_LANGUAGE_STANDARD = "gnu++17";
				CLANG_ENABLE_MODULES = YES;
				CLANG_ENABLE_OBJC_ARC = YES;
				CLANG_ENABLE_OBJC_WEAK = YES;
				CLANG_WARN_BLOCK_CAPTURE_AUTORELEASING = YES;
				CLANG_WARN_BOOL_CONVERSION = YES;
				CLANG_WARN_COMMA = YES;
				CLANG_WARN_CONSTANT_CONVERSION = YES;
				CLANG_WARN_DEPRECATED_OBJC_IMPLEMENTATIONS = YES;
				CLANG_WARN_DIRECT_OBJC_ISA_USAGE = YES_ERROR;
				CLANG_WARN_DOCUMENTATION_COMMENTS = YES;
				CLANG_WARN_EMPTY_BODY = YES;
				CLANG_WARN_ENUM_CONVERSION = YES;
				CLANG_WARN_INFINITE_RECURSION = YES;
				CLANG_WARN_INT_CONVERSION = YES;
				CLANG_WARN_NON_LITERAL_NULL_CONVERSION = YES;
				CLANG_WARN_OBJC_IMPLICIT_RETAIN_SELF = YES;
				CLANG_WARN_OBJC_LITERAL_CONVERSION = YES;
				CLANG_WARN_OBJC_ROOT_CLASS = YES_ERROR;
				CLANG_WARN_QUOTED_INCLUDE_IN_FRAMEWORK_HEADER = YES;
				CLANG_WARN_RANGE_LOOP_ANALYSIS = YES;
				CLANG_WARN_STRICT_PROTOTYPES = YES;
				CLANG_WARN_SUSPICIOUS_MOVE = YES;
				CLANG_WARN_UNGUARDED_AVAILABILITY = YES_AGGRESSIVE;
				CLANG_WARN_UNREACHABLE_CODE = YES;
				CLANG_WARN__DUPLICATE_METHOD_MATCH = YES;
				COPY_PHASE_STRIP = NO;
				DEBUG_INFORMATION_FORMAT = "dwarf-with-dsym";
				ENABLE_NS_ASSERTIONS = NO;
				ENABLE_STRICT_OBJC_MSGSEND = YES;
				GCC_C_LANGUAGE_STANDARD = gnu11;
				GCC_NO_COMMON_BLOCKS = YES;
				GCC_WARN_64_TO_32_BIT_CONVERSION = YES;
				GCC_WARN_ABOUT_RETURN_TYPE = YES_ERROR;
				GCC_WARN_UNDECLARED_SELECTOR = YES;
				GCC_WARN_UNINITIALIZED_AUTOS = YES_AGGRESSIVE;
				GCC_WARN_UNUSED_FUNCTION = YES;
				GCC_WARN_UNUSED_VARIABLE = YES;
				IPHONEOS_DEPLOYMENT_TARGET = 15.4;
				MTL_ENABLE_DEBUG_INFO = NO;
				MTL_FAST_MATH = YES;
				SDKROOT = iphoneos;
				SWIFT_COMPILATION_MODE = wholemodule;
				SWIFT_OPTIMIZATION_LEVEL = "-O";
				VALIDATE_PRODUCT = YES;
			};
			name = Release;
		};
		9975CD592833D2F300A9B25A /* Debug */ = {
			isa = XCBuildConfiguration;
			buildSettings = {
				ASSETCATALOG_COMPILER_APPICON_NAME = AppIcon;
				ASSETCATALOG_COMPILER_GLOBAL_ACCENT_COLOR_NAME = AccentColor;
				CODE_SIGN_STYLE = Automatic;
				CURRENT_PROJECT_VERSION = 1;
				DEVELOPMENT_ASSET_PATHS = "\"ATEC/Preview Content\"";
				DEVELOPMENT_TEAM = X68879DLV5;
				ENABLE_PREVIEWS = YES;
				GENERATE_INFOPLIST_FILE = YES;
				INFOPLIST_FILE = ATEC/Info.plist;
				INFOPLIST_KEY_UIApplicationSceneManifest_Generation = YES;
				INFOPLIST_KEY_UIApplicationSupportsIndirectInputEvents = YES;
				INFOPLIST_KEY_UISupportedInterfaceOrientations = UIInterfaceOrientationPortrait;
				INFOPLIST_KEY_UISupportedInterfaceOrientations_iPad = "UIInterfaceOrientationPortrait UIInterfaceOrientationPortraitUpsideDown UIInterfaceOrientationLandscapeLeft UIInterfaceOrientationLandscapeRight";
				INFOPLIST_KEY_UISupportedInterfaceOrientations_iPhone = UIInterfaceOrientationPortrait;
				IPHONEOS_DEPLOYMENT_TARGET = 15.0;
				LD_RUNPATH_SEARCH_PATHS = (
					"$(inherited)",
					"@executable_path/Frameworks",
				);
				MARKETING_VERSION = 1.0;
				PRODUCT_BUNDLE_IDENTIFIER = com.bowtie.ATEC;
				PRODUCT_NAME = "$(TARGET_NAME)";
				SUPPORTED_PLATFORMS = "iphoneos iphonesimulator";
				SUPPORTS_MACCATALYST = NO;
				SUPPORTS_MAC_DESIGNED_FOR_IPHONE_IPAD = NO;
				SWIFT_EMIT_LOC_STRINGS = YES;
				SWIFT_VERSION = 5.0;
				TARGETED_DEVICE_FAMILY = 1;
			};
			name = Debug;
		};
		9975CD5A2833D2F300A9B25A /* Release */ = {
			isa = XCBuildConfiguration;
			buildSettings = {
				ASSETCATALOG_COMPILER_APPICON_NAME = AppIcon;
				ASSETCATALOG_COMPILER_GLOBAL_ACCENT_COLOR_NAME = AccentColor;
				CODE_SIGN_STYLE = Automatic;
				CURRENT_PROJECT_VERSION = 1;
				DEVELOPMENT_ASSET_PATHS = "\"ATEC/Preview Content\"";
				DEVELOPMENT_TEAM = X68879DLV5;
				ENABLE_PREVIEWS = YES;
				GENERATE_INFOPLIST_FILE = YES;
				INFOPLIST_FILE = ATEC/Info.plist;
				INFOPLIST_KEY_UIApplicationSceneManifest_Generation = YES;
				INFOPLIST_KEY_UIApplicationSupportsIndirectInputEvents = YES;
				INFOPLIST_KEY_UISupportedInterfaceOrientations = UIInterfaceOrientationPortrait;
				INFOPLIST_KEY_UISupportedInterfaceOrientations_iPad = "UIInterfaceOrientationPortrait UIInterfaceOrientationPortraitUpsideDown UIInterfaceOrientationLandscapeLeft UIInterfaceOrientationLandscapeRight";
				INFOPLIST_KEY_UISupportedInterfaceOrientations_iPhone = UIInterfaceOrientationPortrait;
				IPHONEOS_DEPLOYMENT_TARGET = 15.0;
				LD_RUNPATH_SEARCH_PATHS = (
					"$(inherited)",
					"@executable_path/Frameworks",
				);
				MARKETING_VERSION = 1.0;
				PRODUCT_BUNDLE_IDENTIFIER = com.bowtie.ATEC;
				PRODUCT_NAME = "$(TARGET_NAME)";
				SUPPORTED_PLATFORMS = "iphoneos iphonesimulator";
				SUPPORTS_MACCATALYST = NO;
				SUPPORTS_MAC_DESIGNED_FOR_IPHONE_IPAD = NO;
				SWIFT_EMIT_LOC_STRINGS = YES;
				SWIFT_VERSION = 5.0;
				TARGETED_DEVICE_FAMILY = 1;
			};
			name = Release;
		};
/* End XCBuildConfiguration section */

/* Begin XCConfigurationList section */
		9975CD452833D2F200A9B25A /* Build configuration list for PBXProject "ATEC" */ = {
			isa = XCConfigurationList;
			buildConfigurations = (
				9975CD562833D2F300A9B25A /* Debug */,
				9975CD572833D2F300A9B25A /* Release */,
			);
			defaultConfigurationIsVisible = 0;
			defaultConfigurationName = Release;
		};
		9975CD582833D2F300A9B25A /* Build configuration list for PBXNativeTarget "ATEC" */ = {
			isa = XCConfigurationList;
			buildConfigurations = (
				9975CD592833D2F300A9B25A /* Debug */,
				9975CD5A2833D2F300A9B25A /* Release */,
			);
			defaultConfigurationIsVisible = 0;
			defaultConfigurationName = Release;
		};
/* End XCConfigurationList section */

/* Begin XCRemoteSwiftPackageReference section */
		992223902853BABD00ECCEA8 /* XCRemoteSwiftPackageReference "lottie-ios" */ = {
			isa = XCRemoteSwiftPackageReference;
			repositoryURL = "https://github.com/airbnb/lottie-ios";
			requirement = {
				kind = upToNextMajorVersion;
				minimumVersion = 3.0.0;
			};
		};
		993E26F628A060F500669BE1 /* XCRemoteSwiftPackageReference "SwiftUI-Introspect" */ = {
			isa = XCRemoteSwiftPackageReference;
			repositoryURL = "https://github.com/siteline/SwiftUI-Introspect.git";
			requirement = {
				kind = upToNextMajorVersion;
				minimumVersion = 0.1.4;
			};
		};
		9945EB18286F9EC20011D3BF /* XCRemoteSwiftPackageReference "lottie-ios" */ = {
			isa = XCRemoteSwiftPackageReference;
			repositoryURL = "https://github.com/airbnb/lottie-ios";
			requirement = {
				kind = upToNextMajorVersion;
				minimumVersion = 3.0.0;
			};
		};
/* End XCRemoteSwiftPackageReference section */

/* Begin XCSwiftPackageProductDependency section */
		9945EB19286F9EC20011D3BF /* Lottie */ = {
			isa = XCSwiftPackageProductDependency;
			package = 992223902853BABD00ECCEA8 /* XCRemoteSwiftPackageReference "lottie-ios" */;
			productName = Lottie;
		};
/* End XCSwiftPackageProductDependency section */

/* Begin XCVersionGroup section */
		998EEC1328367933006598B2 /* PersonModel.xcdatamodeld */ = {
			isa = XCVersionGroup;
			children = (
				998EEC1428367933006598B2 /* PersonModel.xcdatamodel */,
			);
			currentVersion = 998EEC1428367933006598B2 /* PersonModel.xcdatamodel */;
			path = PersonModel.xcdatamodeld;
			sourceTree = "<group>";
			versionGroupType = wrapper.xcdatamodel;
		};
/* End XCVersionGroup section */
	};
	rootObject = 9975CD422833D2F200A9B25A /* Project object */;
}
